
Microsoft Visual Studio Solution File, Format Version 12.00
# Visual Studio Version 17
VisualStudioVersion = 17.6.33801.468
MinimumVisualStudioVersion = 10.0.40219.1
Project("{FAE04EC0-301F-11D3-BF4B-00C04F79EFBC}") = "hashing_salting", "hashing_salting.csproj", "{EE15A10D-5E90-472D-AD6D-4766D7E54651}"
EndProject
Global
	GlobalSection(SolutionConfigurationPlatforms) = preSolution
		Debug|Any CPU = Debug|Any CPU
		Release|Any CPU = Release|Any CPU
	EndGlobalSection
	GlobalSection(ProjectConfigurationPlatforms) = postSolution
		{EE15A10D-5E90-472D-AD6D-4766D7E54651}.Debug|Any CPU.ActiveCfg = Debug|Any CPU
		{EE15A10D-5E90-472D-AD6D-4766D7E54651}.Debug|Any CPU.Build.0 = Debug|Any CPU
		{EE15A10D-5E90-472D-AD6D-4766D7E54651}.Release|Any CPU.ActiveCfg = Release|Any CPU
		{EE15A10D-5E90-472D-AD6D-4766D7E54651}.Release|Any CPU.Build.0 = Release|Any CPU
	EndGlobalSection
	GlobalSection(SolutionProperties) = preSolution
		HideSolutionNode = FALSE
	EndGlobalSection
	GlobalSection(ExtensibilityGlobals) = postSolution
		SolutionGuid = {ADFF3A8B-4BA3-4B84-A888-8D6029973088}
	EndGlobalSection
EndGlobal
